
Microsoft Visual Studio Solution File, Format Version 12.00
# Visual Studio Version 16
VisualStudioVersion = 16.0.29613.14
MinimumVisualStudioVersion = 10.0.40219.1
Project("{FAE04EC0-301F-11D3-BF4B-00C04F79EFBC}") = "Pizzeria", "Pizzeria\Pizzeria.csproj", "{86DF3865-F4A8-4897-ABDC-69CCBBA23A31}"
EndProject
Global
	GlobalSection(SolutionConfigurationPlatforms) = preSolution
		Debug|Any CPU = Debug|Any CPU
		Release|Any CPU = Release|Any CPU
	EndGlobalSection
	GlobalSection(ProjectConfigurationPlatforms) = postSolution
		{86DF3865-F4A8-4897-ABDC-69CCBBA23A31}.Debug|Any CPU.ActiveCfg = Debug|Any CPU
		{86DF3865-F4A8-4897-ABDC-69CCBBA23A31}.Debug|Any CPU.Build.0 = Debug|Any CPU
		{86DF3865-F4A8-4897-ABDC-69CCBBA23A31}.Release|Any CPU.ActiveCfg = Release|Any CPU
		{86DF3865-F4A8-4897-ABDC-69CCBBA23A31}.Release|Any CPU.Build.0 = Release|Any CPU
	EndGlobalSection
	GlobalSection(SolutionProperties) = preSolution
		HideSolutionNode = FALSE
	EndGlobalSection
	GlobalSection(ExtensibilityGlobals) = postSolution
		SolutionGuid = {98675037-4B4D-4083-9E61-F61B72E811CF}
	EndGlobalSection
EndGlobal
